
Microsoft Visual Studio Solution File, Format Version 12.00
# Visual Studio Version 16
VisualStudioVersion = 16.0.30717.126
MinimumVisualStudioVersion = 10.0.40219.1
Project("{9A19103F-16F7-4668-BE54-9A1E7A4F7556}") = "BinarySearchTree", "BinarySearchTree.csproj", "{48F206A6-D813-494E-9F42-A32A8C4551DC}"
EndProject
Global
	GlobalSection(SolutionConfigurationPlatforms) = preSolution
		Debug|Any CPU = Debug|Any CPU
		Release|Any CPU = Release|Any CPU
	EndGlobalSection
	GlobalSection(ProjectConfigurationPlatforms) = postSolution
		{48F206A6-D813-494E-9F42-A32A8C4551DC}.Debug|Any CPU.ActiveCfg = Debug|Any CPU
		{48F206A6-D813-494E-9F42-A32A8C4551DC}.Debug|Any CPU.Build.0 = Debug|Any CPU
		{48F206A6-D813-494E-9F42-A32A8C4551DC}.Release|Any CPU.ActiveCfg = Release|Any CPU
		{48F206A6-D813-494E-9F42-A32A8C4551DC}.Release|Any CPU.Build.0 = Release|Any CPU
	EndGlobalSection
	GlobalSection(SolutionProperties) = preSolution
		HideSolutionNode = FALSE
	EndGlobalSection
	GlobalSection(ExtensibilityGlobals) = postSolution
		SolutionGuid = {5C9BBFF6-5E41-48F9-9DCE-AE56677DA924}
	EndGlobalSection
EndGlobal
